
Microsoft Visual Studio Solution File, Format Version 12.00
# Visual Studio Version 16
VisualStudioVersion = 16.0.28803.156
MinimumVisualStudioVersion = 10.0.40219.1
Project("{FAE04EC0-301F-11D3-BF4B-00C04F79EFBC}") = "Dijkstra", "Dijkstra\Dijkstra.csproj", "{EE5F515C-D110-45E5-9967-C0C962AFF13C}"
EndProject
Global
	GlobalSection(SolutionConfigurationPlatforms) = preSolution
		Debug|Any CPU = Debug|Any CPU
		Release|Any CPU = Release|Any CPU
	EndGlobalSection
	GlobalSection(ProjectConfigurationPlatforms) = postSolution
		{EE5F515C-D110-45E5-9967-C0C962AFF13C}.Debug|Any CPU.ActiveCfg = Debug|Any CPU
		{EE5F515C-D110-45E5-9967-C0C962AFF13C}.Debug|Any CPU.Build.0 = Debug|Any CPU
		{EE5F515C-D110-45E5-9967-C0C962AFF13C}.Release|Any CPU.ActiveCfg = Release|Any CPU
		{EE5F515C-D110-45E5-9967-C0C962AFF13C}.Release|Any CPU.Build.0 = Release|Any CPU
	EndGlobalSection
	GlobalSection(SolutionProperties) = preSolution
		HideSolutionNode = FALSE
	EndGlobalSection
	GlobalSection(ExtensibilityGlobals) = postSolution
		SolutionGuid = {670C3CBB-3FAF-4FEE-A31C-3B30FC2155CD}
	EndGlobalSection
EndGlobal
